// !$*UTF8*$!
{
	archiveVersion = 1;
	classes = {
	};
	objectVersion = 46;
	objects = {

/* Begin PBXBuildFile section */
		53BBF0C7B8EA0E981ABDE014 /* Pods_PlacesGame.framework in Frameworks */ = {isa = PBXBuildFile; fileRef = 4B9956DA1CE05D0B47610451 /* Pods_PlacesGame.framework */; };
		B1FCD33E1E83DB5800AAAB40 /* AppDelegate.swift in Sources */ = {isa = PBXBuildFile; fileRef = B1FCD33D1E83DB5800AAAB40 /* AppDelegate.swift */; };
		B1FCD3431E83DB5800AAAB40 /* Main.storyboard in Resources */ = {isa = PBXBuildFile; fileRef = B1FCD3411E83DB5800AAAB40 /* Main.storyboard */; };
		B1FCD3451E83DB5800AAAB40 /* Assets.xcassets in Resources */ = {isa = PBXBuildFile; fileRef = B1FCD3441E83DB5800AAAB40 /* Assets.xcassets */; };
		B1FCD3481E83DB5800AAAB40 /* LaunchScreen.storyboard in Resources */ = {isa = PBXBuildFile; fileRef = B1FCD3461E83DB5800AAAB40 /* LaunchScreen.storyboard */; };
		B1FCD35A1E83DE8700AAAB40 /* GoogleService-Info.plist in Resources */ = {isa = PBXBuildFile; fileRef = B1FCD3591E83DE8700AAAB40 /* GoogleService-Info.plist */; };
		B1FCD35C1E83DF6D00AAAB40 /* Config.swift in Sources */ = {isa = PBXBuildFile; fileRef = B1FCD35B1E83DF6D00AAAB40 /* Config.swift */; };
		B1FCD35E1E83E2B000AAAB40 /* LocationService.swift in Sources */ = {isa = PBXBuildFile; fileRef = B1FCD35D1E83E2B000AAAB40 /* LocationService.swift */; };
		B1FCD3611E83E8DE00AAAB40 /* Coordinator.swift in Sources */ = {isa = PBXBuildFile; fileRef = B1FCD3601E83E8DE00AAAB40 /* Coordinator.swift */; };
		B1FCD3631E83EA1600AAAB40 /* MainCoordinator.swift in Sources */ = {isa = PBXBuildFile; fileRef = B1FCD3621E83EA1600AAAB40 /* MainCoordinator.swift */; };
		B1FCD3661E83EC7400AAAB40 /* UIColor+PlacesGame.swift in Sources */ = {isa = PBXBuildFile; fileRef = B1FCD3651E83EC7400AAAB40 /* UIColor+PlacesGame.swift */; };
		B1FCD3681E83ED2300AAAB40 /* UIColor+Filtercode.swift in Sources */ = {isa = PBXBuildFile; fileRef = B1FCD3671E83ED2300AAAB40 /* UIColor+Filtercode.swift */; };
		B1FCD37D1E83EDDC00AAAB40 /* Lato-Black.ttf in Resources */ = {isa = PBXBuildFile; fileRef = B1FCD36A1E83EDDC00AAAB40 /* Lato-Black.ttf */; };
		B1FCD37E1E83EDDC00AAAB40 /* Lato-BlackItalic.ttf in Resources */ = {isa = PBXBuildFile; fileRef = B1FCD36B1E83EDDC00AAAB40 /* Lato-BlackItalic.ttf */; };
		B1FCD37F1E83EDDC00AAAB40 /* Lato-Bold.ttf in Resources */ = {isa = PBXBuildFile; fileRef = B1FCD36C1E83EDDC00AAAB40 /* Lato-Bold.ttf */; };
		B1FCD3801E83EDDC00AAAB40 /* Lato-BoldItalic.ttf in Resources */ = {isa = PBXBuildFile; fileRef = B1FCD36D1E83EDDC00AAAB40 /* Lato-BoldItalic.ttf */; };
		B1FCD3811E83EDDC00AAAB40 /* Lato-Hairline.ttf in Resources */ = {isa = PBXBuildFile; fileRef = B1FCD36E1E83EDDC00AAAB40 /* Lato-Hairline.ttf */; };
		B1FCD3821E83EDDC00AAAB40 /* Lato-HairlineItalic.ttf in Resources */ = {isa = PBXBuildFile; fileRef = B1FCD36F1E83EDDC00AAAB40 /* Lato-HairlineItalic.ttf */; };
		B1FCD3831E83EDDC00AAAB40 /* Lato-Heavy.ttf in Resources */ = {isa = PBXBuildFile; fileRef = B1FCD3701E83EDDC00AAAB40 /* Lato-Heavy.ttf */; };
		B1FCD3841E83EDDC00AAAB40 /* Lato-HeavyItalic.ttf in Resources */ = {isa = PBXBuildFile; fileRef = B1FCD3711E83EDDC00AAAB40 /* Lato-HeavyItalic.ttf */; };
		B1FCD3851E83EDDC00AAAB40 /* Lato-Italic.ttf in Resources */ = {isa = PBXBuildFile; fileRef = B1FCD3721E83EDDC00AAAB40 /* Lato-Italic.ttf */; };
		B1FCD3861E83EDDC00AAAB40 /* Lato-Light.ttf in Resources */ = {isa = PBXBuildFile; fileRef = B1FCD3731E83EDDC00AAAB40 /* Lato-Light.ttf */; };
		B1FCD3871E83EDDC00AAAB40 /* Lato-LightItalic.ttf in Resources */ = {isa = PBXBuildFile; fileRef = B1FCD3741E83EDDC00AAAB40 /* Lato-LightItalic.ttf */; };
		B1FCD3881E83EDDC00AAAB40 /* Lato-Medium.ttf in Resources */ = {isa = PBXBuildFile; fileRef = B1FCD3751E83EDDC00AAAB40 /* Lato-Medium.ttf */; };
		B1FCD3891E83EDDC00AAAB40 /* Lato-MediumItalic.ttf in Resources */ = {isa = PBXBuildFile; fileRef = B1FCD3761E83EDDC00AAAB40 /* Lato-MediumItalic.ttf */; };
		B1FCD38A1E83EDDC00AAAB40 /* Lato-Regular.ttf in Resources */ = {isa = PBXBuildFile; fileRef = B1FCD3771E83EDDC00AAAB40 /* Lato-Regular.ttf */; };
		B1FCD38B1E83EDDC00AAAB40 /* Lato-Semibold.ttf in Resources */ = {isa = PBXBuildFile; fileRef = B1FCD3781E83EDDC00AAAB40 /* Lato-Semibold.ttf */; };
		B1FCD38C1E83EDDC00AAAB40 /* Lato-SemiboldItalic.ttf in Resources */ = {isa = PBXBuildFile; fileRef = B1FCD3791E83EDDC00AAAB40 /* Lato-SemiboldItalic.ttf */; };
		B1FCD38D1E83EDDC00AAAB40 /* Lato-Thin.ttf in Resources */ = {isa = PBXBuildFile; fileRef = B1FCD37A1E83EDDC00AAAB40 /* Lato-Thin.ttf */; };
		B1FCD38E1E83EDDC00AAAB40 /* Lato-ThinItalic.ttf in Resources */ = {isa = PBXBuildFile; fileRef = B1FCD37B1E83EDDC00AAAB40 /* Lato-ThinItalic.ttf */; };
		B1FCD38F1E83EDDC00AAAB40 /* coolvetica rg.ttf in Resources */ = {isa = PBXBuildFile; fileRef = B1FCD37C1E83EDDC00AAAB40 /* coolvetica rg.ttf */; };
		B1FCD3911E83EEAA00AAAB40 /* UIFont+Lato.swift in Sources */ = {isa = PBXBuildFile; fileRef = B1FCD3901E83EEAA00AAAB40 /* UIFont+Lato.swift */; };
		B1FCD3931E83EEF300AAAB40 /* UIFont+FontSize.swift in Sources */ = {isa = PBXBuildFile; fileRef = B1FCD3921E83EEF300AAAB40 /* UIFont+FontSize.swift */; };
		B1FCD3951E83EF1700AAAB40 /* UIFont+Coolvetica.swift in Sources */ = {isa = PBXBuildFile; fileRef = B1FCD3941E83EF1700AAAB40 /* UIFont+Coolvetica.swift */; };
		B1FCD3971E83EF4200AAAB40 /* UIKIt+IB.swift in Sources */ = {isa = PBXBuildFile; fileRef = B1FCD3961E83EF4200AAAB40 /* UIKIt+IB.swift */; };
		B1FCD3991E83EFE300AAAB40 /* StartViewController.swift in Sources */ = {isa = PBXBuildFile; fileRef = B1FCD3981E83EFE300AAAB40 /* StartViewController.swift */; };
		B1FCD39B1E83F01D00AAAB40 /* Injectable.swift in Sources */ = {isa = PBXBuildFile; fileRef = B1FCD39A1E83F01D00AAAB40 /* Injectable.swift */; };
		B1FCD39E1E83F5B000AAAB40 /* NavigationController.swift in Sources */ = {isa = PBXBuildFile; fileRef = B1FCD39D1E83F5B000AAAB40 /* NavigationController.swift */; };
		B1FCD3A01E83F5D800AAAB40 /* NavigationBar.swift in Sources */ = {isa = PBXBuildFile; fileRef = B1FCD39F1E83F5D800AAAB40 /* NavigationBar.swift */; };
		B1FCD3A21E840B1F00AAAB40 /* GameViewController.swift in Sources */ = {isa = PBXBuildFile; fileRef = B1FCD3A11E840B1F00AAAB40 /* GameViewController.swift */; };
		B1FCD3A41E840B3000AAAB40 /* LeaderboardViewController.swift in Sources */ = {isa = PBXBuildFile; fileRef = B1FCD3A31E840B3000AAAB40 /* LeaderboardViewController.swift */; };
		B1FCD3A71E840C7100AAAB40 /* GameViewModel.swift in Sources */ = {isa = PBXBuildFile; fileRef = B1FCD3A61E840C7100AAAB40 /* GameViewModel.swift */; };
		B1FCD3AA1E840D2B00AAAB40 /* GameError.swift in Sources */ = {isa = PBXBuildFile; fileRef = B1FCD3A91E840D2B00AAAB40 /* GameError.swift */; };
/* End PBXBuildFile section */

/* Begin PBXFileReference section */
		3A11A0A51095EFC15B2B1592 /* Pods-PlacesGame.release.xcconfig */ = {isa = PBXFileReference; includeInIndex = 1; lastKnownFileType = text.xcconfig; name = "Pods-PlacesGame.release.xcconfig"; path = "Pods/Target Support Files/Pods-PlacesGame/Pods-PlacesGame.release.xcconfig"; sourceTree = "<group>"; };
		4B9956DA1CE05D0B47610451 /* Pods_PlacesGame.framework */ = {isa = PBXFileReference; explicitFileType = wrapper.framework; includeInIndex = 0; path = Pods_PlacesGame.framework; sourceTree = BUILT_PRODUCTS_DIR; };
		B1FCD33A1E83DB5800AAAB40 /* PlacesGame.app */ = {isa = PBXFileReference; explicitFileType = wrapper.application; includeInIndex = 0; path = PlacesGame.app; sourceTree = BUILT_PRODUCTS_DIR; };
		B1FCD33D1E83DB5800AAAB40 /* AppDelegate.swift */ = {isa = PBXFileReference; lastKnownFileType = sourcecode.swift; path = AppDelegate.swift; sourceTree = "<group>"; };
		B1FCD3421E83DB5800AAAB40 /* Base */ = {isa = PBXFileReference; lastKnownFileType = file.storyboard; name = Base; path = Base.lproj/Main.storyboard; sourceTree = "<group>"; };
		B1FCD3441E83DB5800AAAB40 /* Assets.xcassets */ = {isa = PBXFileReference; lastKnownFileType = folder.assetcatalog; path = Assets.xcassets; sourceTree = "<group>"; };
		B1FCD3471E83DB5800AAAB40 /* Base */ = {isa = PBXFileReference; lastKnownFileType = file.storyboard; name = Base; path = Base.lproj/LaunchScreen.storyboard; sourceTree = "<group>"; };
		B1FCD3491E83DB5800AAAB40 /* Info.plist */ = {isa = PBXFileReference; lastKnownFileType = text.plist.xml; path = Info.plist; sourceTree = "<group>"; };
		B1FCD3591E83DE8700AAAB40 /* GoogleService-Info.plist */ = {isa = PBXFileReference; fileEncoding = 4; lastKnownFileType = text.plist.xml; name = "GoogleService-Info.plist"; path = "Configuration/GoogleService-Info.plist"; sourceTree = "<group>"; };
		B1FCD35B1E83DF6D00AAAB40 /* Config.swift */ = {isa = PBXFileReference; fileEncoding = 4; lastKnownFileType = sourcecode.swift; name = Config.swift; path = Configuration/Config.swift; sourceTree = "<group>"; };
		B1FCD35D1E83E2B000AAAB40 /* LocationService.swift */ = {isa = PBXFileReference; fileEncoding = 4; lastKnownFileType = sourcecode.swift; name = LocationService.swift; path = Services/LocationService.swift; sourceTree = "<group>"; };
		B1FCD3601E83E8DE00AAAB40 /* Coordinator.swift */ = {isa = PBXFileReference; fileEncoding = 4; lastKnownFileType = sourcecode.swift; name = Coordinator.swift; path = Protocols/Coordinator.swift; sourceTree = "<group>"; };
		B1FCD3621E83EA1600AAAB40 /* MainCoordinator.swift */ = {isa = PBXFileReference; fileEncoding = 4; lastKnownFileType = sourcecode.swift; name = MainCoordinator.swift; path = Coordinators/MainCoordinator.swift; sourceTree = "<group>"; };
		B1FCD3651E83EC7400AAAB40 /* UIColor+PlacesGame.swift */ = {isa = PBXFileReference; fileEncoding = 4; lastKnownFileType = sourcecode.swift; name = "UIColor+PlacesGame.swift"; path = "Extensions/UIColor+PlacesGame.swift"; sourceTree = "<group>"; };
		B1FCD3671E83ED2300AAAB40 /* UIColor+Filtercode.swift */ = {isa = PBXFileReference; fileEncoding = 4; lastKnownFileType = sourcecode.swift; name = "UIColor+Filtercode.swift"; path = "Extensions/UIColor+Filtercode.swift"; sourceTree = "<group>"; };
		B1FCD36A1E83EDDC00AAAB40 /* Lato-Black.ttf */ = {isa = PBXFileReference; lastKnownFileType = file; name = "Lato-Black.ttf"; path = "Resources/Fonts/Lato-Black.ttf"; sourceTree = "<group>"; };
		B1FCD36B1E83EDDC00AAAB40 /* Lato-BlackItalic.ttf */ = {isa = PBXFileReference; lastKnownFileType = file; name = "Lato-BlackItalic.ttf"; path = "Resources/Fonts/Lato-BlackItalic.ttf"; sourceTree = "<group>"; };
		B1FCD36C1E83EDDC00AAAB40 /* Lato-Bold.ttf */ = {isa = PBXFileReference; lastKnownFileType = file; name = "Lato-Bold.ttf"; path = "Resources/Fonts/Lato-Bold.ttf"; sourceTree = "<group>"; };
		B1FCD36D1E83EDDC00AAAB40 /* Lato-BoldItalic.ttf */ = {isa = PBXFileReference; lastKnownFileType = file; name = "Lato-BoldItalic.ttf"; path = "Resources/Fonts/Lato-BoldItalic.ttf"; sourceTree = "<group>"; };
		B1FCD36E1E83EDDC00AAAB40 /* Lato-Hairline.ttf */ = {isa = PBXFileReference; lastKnownFileType = file; name = "Lato-Hairline.ttf"; path = "Resources/Fonts/Lato-Hairline.ttf"; sourceTree = "<group>"; };
		B1FCD36F1E83EDDC00AAAB40 /* Lato-HairlineItalic.ttf */ = {isa = PBXFileReference; lastKnownFileType = file; name = "Lato-HairlineItalic.ttf"; path = "Resources/Fonts/Lato-HairlineItalic.ttf"; sourceTree = "<group>"; };
		B1FCD3701E83EDDC00AAAB40 /* Lato-Heavy.ttf */ = {isa = PBXFileReference; lastKnownFileType = file; name = "Lato-Heavy.ttf"; path = "Resources/Fonts/Lato-Heavy.ttf"; sourceTree = "<group>"; };
		B1FCD3711E83EDDC00AAAB40 /* Lato-HeavyItalic.ttf */ = {isa = PBXFileReference; lastKnownFileType = file; name = "Lato-HeavyItalic.ttf"; path = "Resources/Fonts/Lato-HeavyItalic.ttf"; sourceTree = "<group>"; };
		B1FCD3721E83EDDC00AAAB40 /* Lato-Italic.ttf */ = {isa = PBXFileReference; lastKnownFileType = file; name = "Lato-Italic.ttf"; path = "Resources/Fonts/Lato-Italic.ttf"; sourceTree = "<group>"; };
		B1FCD3731E83EDDC00AAAB40 /* Lato-Light.ttf */ = {isa = PBXFileReference; lastKnownFileType = file; name = "Lato-Light.ttf"; path = "Resources/Fonts/Lato-Light.ttf"; sourceTree = "<group>"; };
		B1FCD3741E83EDDC00AAAB40 /* Lato-LightItalic.ttf */ = {isa = PBXFileReference; lastKnownFileType = file; name = "Lato-LightItalic.ttf"; path = "Resources/Fonts/Lato-LightItalic.ttf"; sourceTree = "<group>"; };
		B1FCD3751E83EDDC00AAAB40 /* Lato-Medium.ttf */ = {isa = PBXFileReference; lastKnownFileType = file; name = "Lato-Medium.ttf"; path = "Resources/Fonts/Lato-Medium.ttf"; sourceTree = "<group>"; };
		B1FCD3761E83EDDC00AAAB40 /* Lato-MediumItalic.ttf */ = {isa = PBXFileReference; lastKnownFileType = file; name = "Lato-MediumItalic.ttf"; path = "Resources/Fonts/Lato-MediumItalic.ttf"; sourceTree = "<group>"; };
		B1FCD3771E83EDDC00AAAB40 /* Lato-Regular.ttf */ = {isa = PBXFileReference; lastKnownFileType = file; name = "Lato-Regular.ttf"; path = "Resources/Fonts/Lato-Regular.ttf"; sourceTree = "<group>"; };
		B1FCD3781E83EDDC00AAAB40 /* Lato-Semibold.ttf */ = {isa = PBXFileReference; lastKnownFileType = file; name = "Lato-Semibold.ttf"; path = "Resources/Fonts/Lato-Semibold.ttf"; sourceTree = "<group>"; };
		B1FCD3791E83EDDC00AAAB40 /* Lato-SemiboldItalic.ttf */ = {isa = PBXFileReference; lastKnownFileType = file; name = "Lato-SemiboldItalic.ttf"; path = "Resources/Fonts/Lato-SemiboldItalic.ttf"; sourceTree = "<group>"; };
		B1FCD37A1E83EDDC00AAAB40 /* Lato-Thin.ttf */ = {isa = PBXFileReference; lastKnownFileType = file; name = "Lato-Thin.ttf"; path = "Resources/Fonts/Lato-Thin.ttf"; sourceTree = "<group>"; };
		B1FCD37B1E83EDDC00AAAB40 /* Lato-ThinItalic.ttf */ = {isa = PBXFileReference; lastKnownFileType = file; name = "Lato-ThinItalic.ttf"; path = "Resources/Fonts/Lato-ThinItalic.ttf"; sourceTree = "<group>"; };
		B1FCD37C1E83EDDC00AAAB40 /* coolvetica rg.ttf */ = {isa = PBXFileReference; lastKnownFileType = file; name = "coolvetica rg.ttf"; path = "Resources/Fonts/coolvetica rg.ttf"; sourceTree = "<group>"; };
		B1FCD3901E83EEAA00AAAB40 /* UIFont+Lato.swift */ = {isa = PBXFileReference; fileEncoding = 4; lastKnownFileType = sourcecode.swift; name = "UIFont+Lato.swift"; path = "Extensions/UIFont+Lato.swift"; sourceTree = "<group>"; };
		B1FCD3921E83EEF300AAAB40 /* UIFont+FontSize.swift */ = {isa = PBXFileReference; fileEncoding = 4; lastKnownFileType = sourcecode.swift; name = "UIFont+FontSize.swift"; path = "Extensions/UIFont+FontSize.swift"; sourceTree = "<group>"; };
		B1FCD3941E83EF1700AAAB40 /* UIFont+Coolvetica.swift */ = {isa = PBXFileReference; fileEncoding = 4; lastKnownFileType = sourcecode.swift; name = "UIFont+Coolvetica.swift"; path = "Extensions/UIFont+Coolvetica.swift"; sourceTree = "<group>"; };
		B1FCD3961E83EF4200AAAB40 /* UIKIt+IB.swift */ = {isa = PBXFileReference; fileEncoding = 4; lastKnownFileType = sourcecode.swift; name = "UIKIt+IB.swift"; path = "Extensions/UIKIt+IB.swift"; sourceTree = "<group>"; };
		B1FCD3981E83EFE300AAAB40 /* StartViewController.swift */ = {isa = PBXFileReference; fileEncoding = 4; lastKnownFileType = sourcecode.swift; name = StartViewController.swift; path = ViewControllers/StartViewController.swift; sourceTree = "<group>"; };
		B1FCD39A1E83F01D00AAAB40 /* Injectable.swift */ = {isa = PBXFileReference; fileEncoding = 4; lastKnownFileType = sourcecode.swift; name = Injectable.swift; path = Protocols/Injectable.swift; sourceTree = "<group>"; };
		B1FCD39D1E83F5B000AAAB40 /* NavigationController.swift */ = {isa = PBXFileReference; fileEncoding = 4; lastKnownFileType = sourcecode.swift; name = NavigationController.swift; path = CustomComponents/NavigationController.swift; sourceTree = "<group>"; };
		B1FCD39F1E83F5D800AAAB40 /* NavigationBar.swift */ = {isa = PBXFileReference; fileEncoding = 4; lastKnownFileType = sourcecode.swift; name = NavigationBar.swift; path = CustomComponents/NavigationBar.swift; sourceTree = "<group>"; };
		B1FCD3A11E840B1F00AAAB40 /* GameViewController.swift */ = {isa = PBXFileReference; fileEncoding = 4; lastKnownFileType = sourcecode.swift; name = GameViewController.swift; path = ViewControllers/GameViewController.swift; sourceTree = "<group>"; };
		B1FCD3A31E840B3000AAAB40 /* LeaderboardViewController.swift */ = {isa = PBXFileReference; fileEncoding = 4; lastKnownFileType = sourcecode.swift; name = LeaderboardViewController.swift; path = ViewControllers/LeaderboardViewController.swift; sourceTree = "<group>"; };
		B1FCD3A61E840C7100AAAB40 /* GameViewModel.swift */ = {isa = PBXFileReference; fileEncoding = 4; lastKnownFileType = sourcecode.swift; name = GameViewModel.swift; path = ViewModels/GameViewModel.swift; sourceTree = "<group>"; };
		B1FCD3A91E840D2B00AAAB40 /* GameError.swift */ = {isa = PBXFileReference; fileEncoding = 4; lastKnownFileType = sourcecode.swift; name = GameError.swift; path = Models/GameError.swift; sourceTree = "<group>"; };
		C187770BDDEE77AB19EBDED5 /* Pods-PlacesGame.debug.xcconfig */ = {isa = PBXFileReference; includeInIndex = 1; lastKnownFileType = text.xcconfig; name = "Pods-PlacesGame.debug.xcconfig"; path = "Pods/Target Support Files/Pods-PlacesGame/Pods-PlacesGame.debug.xcconfig"; sourceTree = "<group>"; };
/* End PBXFileReference section */

/* Begin PBXFrameworksBuildPhase section */
		B1FCD3371E83DB5800AAAB40 /* Frameworks */ = {
			isa = PBXFrameworksBuildPhase;
			buildActionMask = 2147483647;
			files = (
				53BBF0C7B8EA0E981ABDE014 /* Pods_PlacesGame.framework in Frameworks */,
			);
			runOnlyForDeploymentPostprocessing = 0;
		};
/* End PBXFrameworksBuildPhase section */

/* Begin PBXGroup section */
		B1FCD3311E83DB5800AAAB40 = {
			isa = PBXGroup;
			children = (
				B1FCD33C1E83DB5800AAAB40 /* PlacesGame */,
				B1FCD33B1E83DB5800AAAB40 /* Products */,
				BA275E138B3A96AA9326A069 /* Pods */,
				B663733F11DBED1F2457EACA /* Frameworks */,
			);
			sourceTree = "<group>";
		};
		B1FCD33B1E83DB5800AAAB40 /* Products */ = {
			isa = PBXGroup;
			children = (
				B1FCD33A1E83DB5800AAAB40 /* PlacesGame.app */,
			);
			name = Products;
			sourceTree = "<group>";
		};
		B1FCD33C1E83DB5800AAAB40 /* PlacesGame */ = {
			isa = PBXGroup;
			children = (
				B1FCD3A81E840D1A00AAAB40 /* Models */,
				B1FCD3A51E840C4D00AAAB40 /* ViewModels */,
				B1FCD39C1E83F59B00AAAB40 /* CustomComponents */,
				B1FCD35F1E83E8AC00AAAB40 /* Coordinators */,
				B1FCD3581E83DE7A00AAAB40 /* Configuration */,
				B1FCD3551E83DC1F00AAAB40 /* Views */,
				B1FCD3541E83DBF400AAAB40 /* Protocols */,
				B1FCD3531E83DBEA00AAAB40 /* Extensions */,
				B1FCD3521E83DBE300AAAB40 /* Resources */,
				B1FCD3511E83DBDE00AAAB40 /* ViewControllers */,
				B1FCD34F1E83DBCF00AAAB40 /* Services */,
				B1FCD33D1E83DB5800AAAB40 /* AppDelegate.swift */,
			);
			path = PlacesGame;
			sourceTree = "<group>";
		};
		B1FCD34F1E83DBCF00AAAB40 /* Services */ = {
			isa = PBXGroup;
			children = (
				B1FCD35D1E83E2B000AAAB40 /* LocationService.swift */,
			);
			name = Services;
			sourceTree = "<group>";
		};
		B1FCD3511E83DBDE00AAAB40 /* ViewControllers */ = {
			isa = PBXGroup;
			children = (
				B1FCD3981E83EFE300AAAB40 /* StartViewController.swift */,
				B1FCD3A11E840B1F00AAAB40 /* GameViewController.swift */,
				B1FCD3A31E840B3000AAAB40 /* LeaderboardViewController.swift */,
			);
			name = ViewControllers;
			sourceTree = "<group>";
		};
		B1FCD3521E83DBE300AAAB40 /* Resources */ = {
			isa = PBXGroup;
			children = (
				B1FCD3691E83EDD000AAAB40 /* Fonts */,
				B1FCD3441E83DB5800AAAB40 /* Assets.xcassets */,
			);
			name = Resources;
			sourceTree = "<group>";
		};
		B1FCD3531E83DBEA00AAAB40 /* Extensions */ = {
			isa = PBXGroup;
			children = (
				B1FCD3651E83EC7400AAAB40 /* UIColor+PlacesGame.swift */,
				B1FCD3671E83ED2300AAAB40 /* UIColor+Filtercode.swift */,
				B1FCD3901E83EEAA00AAAB40 /* UIFont+Lato.swift */,
				B1FCD3921E83EEF300AAAB40 /* UIFont+FontSize.swift */,
				B1FCD3941E83EF1700AAAB40 /* UIFont+Coolvetica.swift */,
				B1FCD3961E83EF4200AAAB40 /* UIKIt+IB.swift */,
			);
			name = Extensions;
			sourceTree = "<group>";
		};
		B1FCD3541E83DBF400AAAB40 /* Protocols */ = {
			isa = PBXGroup;
			children = (
				B1FCD3601E83E8DE00AAAB40 /* Coordinator.swift */,
				B1FCD39A1E83F01D00AAAB40 /* Injectable.swift */,
			);
			name = Protocols;
			sourceTree = "<group>";
		};
		B1FCD3551E83DC1F00AAAB40 /* Views */ = {
			isa = PBXGroup;
			children = (
				B1FCD3411E83DB5800AAAB40 /* Main.storyboard */,
				B1FCD3461E83DB5800AAAB40 /* LaunchScreen.storyboard */,
			);
			name = Views;
			sourceTree = "<group>";
		};
		B1FCD3581E83DE7A00AAAB40 /* Configuration */ = {
			isa = PBXGroup;
			children = (
				B1FCD3491E83DB5800AAAB40 /* Info.plist */,
				B1FCD3591E83DE8700AAAB40 /* GoogleService-Info.plist */,
				B1FCD35B1E83DF6D00AAAB40 /* Config.swift */,
			);
			name = Configuration;
			sourceTree = "<group>";
		};
		B1FCD35F1E83E8AC00AAAB40 /* Coordinators */ = {
			isa = PBXGroup;
			children = (
				B1FCD3621E83EA1600AAAB40 /* MainCoordinator.swift */,
			);
			name = Coordinators;
			sourceTree = "<group>";
		};
		B1FCD3691E83EDD000AAAB40 /* Fonts */ = {
			isa = PBXGroup;
			children = (
				B1FCD36A1E83EDDC00AAAB40 /* Lato-Black.ttf */,
				B1FCD36B1E83EDDC00AAAB40 /* Lato-BlackItalic.ttf */,
				B1FCD36C1E83EDDC00AAAB40 /* Lato-Bold.ttf */,
				B1FCD36D1E83EDDC00AAAB40 /* Lato-BoldItalic.ttf */,
				B1FCD36E1E83EDDC00AAAB40 /* Lato-Hairline.ttf */,
				B1FCD36F1E83EDDC00AAAB40 /* Lato-HairlineItalic.ttf */,
				B1FCD3701E83EDDC00AAAB40 /* Lato-Heavy.ttf */,
				B1FCD3711E83EDDC00AAAB40 /* Lato-HeavyItalic.ttf */,
				B1FCD3721E83EDDC00AAAB40 /* Lato-Italic.ttf */,
				B1FCD3731E83EDDC00AAAB40 /* Lato-Light.ttf */,
				B1FCD3741E83EDDC00AAAB40 /* Lato-LightItalic.ttf */,
				B1FCD3751E83EDDC00AAAB40 /* Lato-Medium.ttf */,
				B1FCD3761E83EDDC00AAAB40 /* Lato-MediumItalic.ttf */,
				B1FCD3771E83EDDC00AAAB40 /* Lato-Regular.ttf */,
				B1FCD3781E83EDDC00AAAB40 /* Lato-Semibold.ttf */,
				B1FCD3791E83EDDC00AAAB40 /* Lato-SemiboldItalic.ttf */,
				B1FCD37A1E83EDDC00AAAB40 /* Lato-Thin.ttf */,
				B1FCD37B1E83EDDC00AAAB40 /* Lato-ThinItalic.ttf */,
				B1FCD37C1E83EDDC00AAAB40 /* coolvetica rg.ttf */,
			);
			name = Fonts;
			sourceTree = "<group>";
		};
		B1FCD39C1E83F59B00AAAB40 /* CustomComponents */ = {
			isa = PBXGroup;
			children = (
				B1FCD39D1E83F5B000AAAB40 /* NavigationController.swift */,
				B1FCD39F1E83F5D800AAAB40 /* NavigationBar.swift */,
			);
			name = CustomComponents;
			sourceTree = "<group>";
		};
		B1FCD3A51E840C4D00AAAB40 /* ViewModels */ = {
			isa = PBXGroup;
			children = (
				B1FCD3A61E840C7100AAAB40 /* GameViewModel.swift */,
			);
			name = ViewModels;
			sourceTree = "<group>";
		};
		B1FCD3A81E840D1A00AAAB40 /* Models */ = {
			isa = PBXGroup;
			children = (
				B1FCD3A91E840D2B00AAAB40 /* GameError.swift */,
			);
			name = Models;
			sourceTree = "<group>";
		};
		B663733F11DBED1F2457EACA /* Frameworks */ = {
			isa = PBXGroup;
			children = (
				4B9956DA1CE05D0B47610451 /* Pods_PlacesGame.framework */,
			);
			name = Frameworks;
			sourceTree = "<group>";
		};
		BA275E138B3A96AA9326A069 /* Pods */ = {
			isa = PBXGroup;
			children = (
				C187770BDDEE77AB19EBDED5 /* Pods-PlacesGame.debug.xcconfig */,
				3A11A0A51095EFC15B2B1592 /* Pods-PlacesGame.release.xcconfig */,
			);
			name = Pods;
			sourceTree = "<group>";
		};
/* End PBXGroup section */

/* Begin PBXNativeTarget section */
		B1FCD3391E83DB5800AAAB40 /* PlacesGame */ = {
			isa = PBXNativeTarget;
			buildConfigurationList = B1FCD34C1E83DB5800AAAB40 /* Build configuration list for PBXNativeTarget "PlacesGame" */;
			buildPhases = (
				8C24B6DED2E02527BADDC2EB /* [CP] Check Pods Manifest.lock */,
				B1FCD3361E83DB5800AAAB40 /* Sources */,
				B1FCD3371E83DB5800AAAB40 /* Frameworks */,
				B1FCD3381E83DB5800AAAB40 /* Resources */,
				95C621B393D5C7E97BB36D33 /* [CP] Embed Pods Frameworks */,
				3719FC659299C38E25BC7E99 /* [CP] Copy Pods Resources */,
				B1FCD3561E83DD2900AAAB40 /* Swiftlint */,
				B1FCD3571E83DD6100AAAB40 /* Fabric */,
			);
			buildRules = (
			);
			dependencies = (
			);
			name = PlacesGame;
			productName = PlacesGame;
			productReference = B1FCD33A1E83DB5800AAAB40 /* PlacesGame.app */;
			productType = "com.apple.product-type.application";
		};
/* End PBXNativeTarget section */

/* Begin PBXProject section */
		B1FCD3321E83DB5800AAAB40 /* Project object */ = {
			isa = PBXProject;
			attributes = {
				LastSwiftUpdateCheck = 0820;
				LastUpgradeCheck = 0820;
				ORGANIZATIONNAME = "Filtercode Ltd";
				TargetAttributes = {
					B1FCD3391E83DB5800AAAB40 = {
						CreatedOnToolsVersion = 8.2.1;
						DevelopmentTeam = 5R59WRDGLW;
						ProvisioningStyle = Automatic;
					};
				};
			};
			buildConfigurationList = B1FCD3351E83DB5800AAAB40 /* Build configuration list for PBXProject "PlacesGame" */;
			compatibilityVersion = "Xcode 3.2";
			developmentRegion = English;
			hasScannedForEncodings = 0;
			knownRegions = (
				en,
				Base,
			);
			mainGroup = B1FCD3311E83DB5800AAAB40;
			productRefGroup = B1FCD33B1E83DB5800AAAB40 /* Products */;
			projectDirPath = "";
			projectRoot = "";
			targets = (
				B1FCD3391E83DB5800AAAB40 /* PlacesGame */,
			);
		};
/* End PBXProject section */

/* Begin PBXResourcesBuildPhase section */
		B1FCD3381E83DB5800AAAB40 /* Resources */ = {
			isa = PBXResourcesBuildPhase;
			buildActionMask = 2147483647;
			files = (
				B1FCD37F1E83EDDC00AAAB40 /* Lato-Bold.ttf in Resources */,
				B1FCD3871E83EDDC00AAAB40 /* Lato-LightItalic.ttf in Resources */,
				B1FCD3481E83DB5800AAAB40 /* LaunchScreen.storyboard in Resources */,
				B1FCD3851E83EDDC00AAAB40 /* Lato-Italic.ttf in Resources */,
				B1FCD3821E83EDDC00AAAB40 /* Lato-HairlineItalic.ttf in Resources */,
				B1FCD38C1E83EDDC00AAAB40 /* Lato-SemiboldItalic.ttf in Resources */,
				B1FCD35A1E83DE8700AAAB40 /* GoogleService-Info.plist in Resources */,
				B1FCD38E1E83EDDC00AAAB40 /* Lato-ThinItalic.ttf in Resources */,
				B1FCD3891E83EDDC00AAAB40 /* Lato-MediumItalic.ttf in Resources */,
				B1FCD3841E83EDDC00AAAB40 /* Lato-HeavyItalic.ttf in Resources */,
				B1FCD3801E83EDDC00AAAB40 /* Lato-BoldItalic.ttf in Resources */,
				B1FCD37E1E83EDDC00AAAB40 /* Lato-BlackItalic.ttf in Resources */,
				B1FCD3881E83EDDC00AAAB40 /* Lato-Medium.ttf in Resources */,
				B1FCD38F1E83EDDC00AAAB40 /* coolvetica rg.ttf in Resources */,
				B1FCD3811E83EDDC00AAAB40 /* Lato-Hairline.ttf in Resources */,
				B1FCD3451E83DB5800AAAB40 /* Assets.xcassets in Resources */,
				B1FCD38A1E83EDDC00AAAB40 /* Lato-Regular.ttf in Resources */,
				B1FCD37D1E83EDDC00AAAB40 /* Lato-Black.ttf in Resources */,
				B1FCD38D1E83EDDC00AAAB40 /* Lato-Thin.ttf in Resources */,
				B1FCD3431E83DB5800AAAB40 /* Main.storyboard in Resources */,
				B1FCD3831E83EDDC00AAAB40 /* Lato-Heavy.ttf in Resources */,
				B1FCD3861E83EDDC00AAAB40 /* Lato-Light.ttf in Resources */,
				B1FCD38B1E83EDDC00AAAB40 /* Lato-Semibold.ttf in Resources */,
			);
			runOnlyForDeploymentPostprocessing = 0;
		};
/* End PBXResourcesBuildPhase section */

/* Begin PBXShellScriptBuildPhase section */
		3719FC659299C38E25BC7E99 /* [CP] Copy Pods Resources */ = {
			isa = PBXShellScriptBuildPhase;
			buildActionMask = 2147483647;
			files = (
			);
			inputPaths = (
			);
			name = "[CP] Copy Pods Resources";
			outputPaths = (
			);
			runOnlyForDeploymentPostprocessing = 0;
			shellPath = /bin/sh;
			shellScript = "\"${SRCROOT}/Pods/Target Support Files/Pods-PlacesGame/Pods-PlacesGame-resources.sh\"\n";
			showEnvVarsInLog = 0;
		};
		8C24B6DED2E02527BADDC2EB /* [CP] Check Pods Manifest.lock */ = {
			isa = PBXShellScriptBuildPhase;
			buildActionMask = 2147483647;
			files = (
			);
			inputPaths = (
			);
			name = "[CP] Check Pods Manifest.lock";
			outputPaths = (
			);
			runOnlyForDeploymentPostprocessing = 0;
			shellPath = /bin/sh;
			shellScript = "diff \"${PODS_ROOT}/../Podfile.lock\" \"${PODS_ROOT}/Manifest.lock\" > /dev/null\nif [ $? != 0 ] ; then\n    # print error to STDERR\n    echo \"error: The sandbox is not in sync with the Podfile.lock. Run 'pod install' or update your CocoaPods installation.\" >&2\n    exit 1\nfi\n";
			showEnvVarsInLog = 0;
		};
		95C621B393D5C7E97BB36D33 /* [CP] Embed Pods Frameworks */ = {
			isa = PBXShellScriptBuildPhase;
			buildActionMask = 2147483647;
			files = (
			);
			inputPaths = (
			);
			name = "[CP] Embed Pods Frameworks";
			outputPaths = (
			);
			runOnlyForDeploymentPostprocessing = 0;
			shellPath = /bin/sh;
			shellScript = "\"${SRCROOT}/Pods/Target Support Files/Pods-PlacesGame/Pods-PlacesGame-frameworks.sh\"\n";
			showEnvVarsInLog = 0;
		};
		B1FCD3561E83DD2900AAAB40 /* Swiftlint */ = {
			isa = PBXShellScriptBuildPhase;
			buildActionMask = 2147483647;
			files = (
			);
			inputPaths = (
			);
			name = Swiftlint;
			outputPaths = (
			);
			runOnlyForDeploymentPostprocessing = 0;
			shellPath = /bin/sh;
			shellScript = "${PODS_ROOT}/SwiftLint/swiftlint";
		};
		B1FCD3571E83DD6100AAAB40 /* Fabric */ = {
			isa = PBXShellScriptBuildPhase;
			buildActionMask = 2147483647;
			files = (
			);
			inputPaths = (
			);
			name = Fabric;
			outputPaths = (
			);
			runOnlyForDeploymentPostprocessing = 0;
			shellPath = /bin/sh;
			shellScript = "\"${PODS_ROOT}/Fabric/run\" 37831d3c74334be96c2813f48157971fbb35250e ae3a0bc2b9da6d67420af431c5c963219209df50474bb439227e7f5ff44728ee";
			showEnvVarsInLog = 0;
		};
/* End PBXShellScriptBuildPhase section */

/* Begin PBXSourcesBuildPhase section */
		B1FCD3361E83DB5800AAAB40 /* Sources */ = {
			isa = PBXSourcesBuildPhase;
			buildActionMask = 2147483647;
			files = (
				B1FCD3A71E840C7100AAAB40 /* GameViewModel.swift in Sources */,
				B1FCD3681E83ED2300AAAB40 /* UIColor+Filtercode.swift in Sources */,
				B1FCD3611E83E8DE00AAAB40 /* Coordinator.swift in Sources */,
				B1FCD33E1E83DB5800AAAB40 /* AppDelegate.swift in Sources */,
				B1FCD3951E83EF1700AAAB40 /* UIFont+Coolvetica.swift in Sources */,
				B1FCD35E1E83E2B000AAAB40 /* LocationService.swift in Sources */,
				B1FCD3A01E83F5D800AAAB40 /* NavigationBar.swift in Sources */,
				B1FCD39E1E83F5B000AAAB40 /* NavigationController.swift in Sources */,
				B1FCD3991E83EFE300AAAB40 /* StartViewController.swift in Sources */,
				B1FCD3931E83EEF300AAAB40 /* UIFont+FontSize.swift in Sources */,
				B1FCD39B1E83F01D00AAAB40 /* Injectable.swift in Sources */,
				B1FCD3911E83EEAA00AAAB40 /* UIFont+Lato.swift in Sources */,
				B1FCD3A41E840B3000AAAB40 /* LeaderboardViewController.swift in Sources */,
				B1FCD3661E83EC7400AAAB40 /* UIColor+PlacesGame.swift in Sources */,
				B1FCD3A21E840B1F00AAAB40 /* GameViewController.swift in Sources */,
				B1FCD3631E83EA1600AAAB40 /* MainCoordinator.swift in Sources */,
				B1FCD35C1E83DF6D00AAAB40 /* Config.swift in Sources */,
				B1FCD3AA1E840D2B00AAAB40 /* GameError.swift in Sources */,
				B1FCD3971E83EF4200AAAB40 /* UIKIt+IB.swift in Sources */,
			);
			runOnlyForDeploymentPostprocessing = 0;
		};
/* End PBXSourcesBuildPhase section */

/* Begin PBXVariantGroup section */
		B1FCD3411E83DB5800AAAB40 /* Main.storyboard */ = {
			isa = PBXVariantGroup;
			children = (
				B1FCD3421E83DB5800AAAB40 /* Base */,
			);
			name = Main.storyboard;
			sourceTree = "<group>";
		};
		B1FCD3461E83DB5800AAAB40 /* LaunchScreen.storyboard */ = {
			isa = PBXVariantGroup;
			children = (
				B1FCD3471E83DB5800AAAB40 /* Base */,
			);
			name = LaunchScreen.storyboard;
			sourceTree = "<group>";
		};
/* End PBXVariantGroup section */

/* Begin XCBuildConfiguration section */
		B1FCD34A1E83DB5800AAAB40 /* Debug */ = {
			isa = XCBuildConfiguration;
			buildSettings = {
				ALWAYS_SEARCH_USER_PATHS = NO;
				CLANG_ANALYZER_NONNULL = YES;
				CLANG_CXX_LANGUAGE_STANDARD = "gnu++0x";
				CLANG_CXX_LIBRARY = "libc++";
				CLANG_ENABLE_MODULES = YES;
				CLANG_ENABLE_OBJC_ARC = YES;
				CLANG_WARN_BOOL_CONVERSION = YES;
				CLANG_WARN_CONSTANT_CONVERSION = YES;
				CLANG_WARN_DIRECT_OBJC_ISA_USAGE = YES_ERROR;
				CLANG_WARN_DOCUMENTATION_COMMENTS = YES;
				CLANG_WARN_EMPTY_BODY = YES;
				CLANG_WARN_ENUM_CONVERSION = YES;
				CLANG_WARN_INFINITE_RECURSION = YES;
				CLANG_WARN_INT_CONVERSION = YES;
				CLANG_WARN_OBJC_ROOT_CLASS = YES_ERROR;
				CLANG_WARN_SUSPICIOUS_MOVE = YES;
				CLANG_WARN_UNREACHABLE_CODE = YES;
				CLANG_WARN__DUPLICATE_METHOD_MATCH = YES;
				"CODE_SIGN_IDENTITY[sdk=iphoneos*]" = "iPhone Developer";
				COPY_PHASE_STRIP = NO;
				DEBUG_INFORMATION_FORMAT = dwarf;
				ENABLE_STRICT_OBJC_MSGSEND = YES;
				ENABLE_TESTABILITY = YES;
				GCC_C_LANGUAGE_STANDARD = gnu99;
				GCC_DYNAMIC_NO_PIC = NO;
				GCC_NO_COMMON_BLOCKS = YES;
				GCC_OPTIMIZATION_LEVEL = 0;
				GCC_PREPROCESSOR_DEFINITIONS = (
					"DEBUG=1",
					"$(inherited)",
				);
				GCC_WARN_64_TO_32_BIT_CONVERSION = YES;
				GCC_WARN_ABOUT_RETURN_TYPE = YES_ERROR;
				GCC_WARN_UNDECLARED_SELECTOR = YES;
				GCC_WARN_UNINITIALIZED_AUTOS = YES_AGGRESSIVE;
				GCC_WARN_UNUSED_FUNCTION = YES;
				GCC_WARN_UNUSED_VARIABLE = YES;
				IPHONEOS_DEPLOYMENT_TARGET = 9.0;
				MTL_ENABLE_DEBUG_INFO = YES;
				ONLY_ACTIVE_ARCH = YES;
				SDKROOT = iphoneos;
				SWIFT_ACTIVE_COMPILATION_CONDITIONS = DEBUG;
				SWIFT_OPTIMIZATION_LEVEL = "-Onone";
				TARGETED_DEVICE_FAMILY = "1,2";
			};
			name = Debug;
		};
		B1FCD34B1E83DB5800AAAB40 /* Release */ = {
			isa = XCBuildConfiguration;
			buildSettings = {
				ALWAYS_SEARCH_USER_PATHS = NO;
				CLANG_ANALYZER_NONNULL = YES;
				CLANG_CXX_LANGUAGE_STANDARD = "gnu++0x";
				CLANG_CXX_LIBRARY = "libc++";
				CLANG_ENABLE_MODULES = YES;
				CLANG_ENABLE_OBJC_ARC = YES;
				CLANG_WARN_BOOL_CONVERSION = YES;
				CLANG_WARN_CONSTANT_CONVERSION = YES;
				CLANG_WARN_DIRECT_OBJC_ISA_USAGE = YES_ERROR;
				CLANG_WARN_DOCUMENTATION_COMMENTS = YES;
				CLANG_WARN_EMPTY_BODY = YES;
				CLANG_WARN_ENUM_CONVERSION = YES;
				CLANG_WARN_INFINITE_RECURSION = YES;
				CLANG_WARN_INT_CONVERSION = YES;
				CLANG_WARN_OBJC_ROOT_CLASS = YES_ERROR;
				CLANG_WARN_SUSPICIOUS_MOVE = YES;
				CLANG_WARN_UNREACHABLE_CODE = YES;
				CLANG_WARN__DUPLICATE_METHOD_MATCH = YES;
				"CODE_SIGN_IDENTITY[sdk=iphoneos*]" = "iPhone Developer";
				COPY_PHASE_STRIP = NO;
				DEBUG_INFORMATION_FORMAT = "dwarf-with-dsym";
				ENABLE_NS_ASSERTIONS = NO;
				ENABLE_STRICT_OBJC_MSGSEND = YES;
				GCC_C_LANGUAGE_STANDARD = gnu99;
				GCC_NO_COMMON_BLOCKS = YES;
				GCC_WARN_64_TO_32_BIT_CONVERSION = YES;
				GCC_WARN_ABOUT_RETURN_TYPE = YES_ERROR;
				GCC_WARN_UNDECLARED_SELECTOR = YES;
				GCC_WARN_UNINITIALIZED_AUTOS = YES_AGGRESSIVE;
				GCC_WARN_UNUSED_FUNCTION = YES;
				GCC_WARN_UNUSED_VARIABLE = YES;
				IPHONEOS_DEPLOYMENT_TARGET = 9.0;
				MTL_ENABLE_DEBUG_INFO = NO;
				SDKROOT = iphoneos;
				SWIFT_OPTIMIZATION_LEVEL = "-Owholemodule";
				TARGETED_DEVICE_FAMILY = "1,2";
				VALIDATE_PRODUCT = YES;
			};
			name = Release;
		};
		B1FCD34D1E83DB5800AAAB40 /* Debug */ = {
			isa = XCBuildConfiguration;
			baseConfigurationReference = C187770BDDEE77AB19EBDED5 /* Pods-PlacesGame.debug.xcconfig */;
			buildSettings = {
				ASSETCATALOG_COMPILER_APPICON_NAME = AppIcon;
				DEBUG_INFORMATION_FORMAT = "dwarf-with-dsym";
				DEVELOPMENT_TEAM = 5R59WRDGLW;
				INFOPLIST_FILE = PlacesGame/Info.plist;
				IPHONEOS_DEPLOYMENT_TARGET = 9.0;
				LD_RUNPATH_SEARCH_PATHS = "$(inherited) @executable_path/Frameworks";
				PRODUCT_BUNDLE_IDENTIFIER = com.filtercode.PlacesGame;
				PRODUCT_NAME = "$(TARGET_NAME)";
				SWIFT_VERSION = 3.0;
			};
			name = Debug;
		};
		B1FCD34E1E83DB5800AAAB40 /* Release */ = {
			isa = XCBuildConfiguration;
			baseConfigurationReference = 3A11A0A51095EFC15B2B1592 /* Pods-PlacesGame.release.xcconfig */;
			buildSettings = {
				ASSETCATALOG_COMPILER_APPICON_NAME = AppIcon;
				DEVELOPMENT_TEAM = 5R59WRDGLW;
				INFOPLIST_FILE = PlacesGame/Info.plist;
				IPHONEOS_DEPLOYMENT_TARGET = 9.0;
				LD_RUNPATH_SEARCH_PATHS = "$(inherited) @executable_path/Frameworks";
				PRODUCT_BUNDLE_IDENTIFIER = com.filtercode.PlacesGame;
				PRODUCT_NAME = "$(TARGET_NAME)";
				SWIFT_VERSION = 3.0;
			};
			name = Release;
		};
/* End XCBuildConfiguration section */

/* Begin XCConfigurationList section */
		B1FCD3351E83DB5800AAAB40 /* Build configuration list for PBXProject "PlacesGame" */ = {
			isa = XCConfigurationList;
			buildConfigurations = (
				B1FCD34A1E83DB5800AAAB40 /* Debug */,
				B1FCD34B1E83DB5800AAAB40 /* Release */,
			);
			defaultConfigurationIsVisible = 0;
			defaultConfigurationName = Release;
		};
		B1FCD34C1E83DB5800AAAB40 /* Build configuration list for PBXNativeTarget "PlacesGame" */ = {
			isa = XCConfigurationList;
			buildConfigurations = (
				B1FCD34D1E83DB5800AAAB40 /* Debug */,
				B1FCD34E1E83DB5800AAAB40 /* Release */,
			);
			defaultConfigurationIsVisible = 0;
			defaultConfigurationName = Release;
		};
/* End XCConfigurationList section */
	};
	rootObject = B1FCD3321E83DB5800AAAB40 /* Project object */;
}
